
Microsoft Visual Studio Solution File, Format Version 12.00
# Visual Studio Version 16
VisualStudioVersion = 16.0.30907.101
MinimumVisualStudioVersion = 10.0.40219.1
Project("{FAE04EC0-301F-11D3-BF4B-00C04F79EFBC}") = "network_cs_w10-2_client", "network_cs_w10-2_client\network_cs_w10-2_client.csproj", "{BFBAD430-4F0B-47C1-AECF-5D839BA23541}"
EndProject
Global
	GlobalSection(SolutionConfigurationPlatforms) = preSolution
		Debug|Any CPU = Debug|Any CPU
		Release|Any CPU = Release|Any CPU
	EndGlobalSection
	GlobalSection(ProjectConfigurationPlatforms) = postSolution
		{BFBAD430-4F0B-47C1-AECF-5D839BA23541}.Debug|Any CPU.ActiveCfg = Debug|Any CPU
		{BFBAD430-4F0B-47C1-AECF-5D839BA23541}.Debug|Any CPU.Build.0 = Debug|Any CPU
		{BFBAD430-4F0B-47C1-AECF-5D839BA23541}.Release|Any CPU.ActiveCfg = Release|Any CPU
		{BFBAD430-4F0B-47C1-AECF-5D839BA23541}.Release|Any CPU.Build.0 = Release|Any CPU
	EndGlobalSection
	GlobalSection(SolutionProperties) = preSolution
		HideSolutionNode = FALSE
	EndGlobalSection
	GlobalSection(ExtensibilityGlobals) = postSolution
		SolutionGuid = {CB0024AE-0583-4E9E-B00B-E671E564B779}
	EndGlobalSection
EndGlobal
